// !$*UTF8*$!
{
	archiveVersion = 1;
	classes = {
	};
	objectVersion = 50;
	objects = {

/* Begin PBXBuildFile section */
		411BC1E725851605008DCEC1 /* Calculation.swift in Sources */ = {isa = PBXBuildFile; fileRef = 411BC1E625851605008DCEC1 /* Calculation.swift */; };
		415F1903258349B70041CD37 /* RealNumberOperand.swift in Sources */ = {isa = PBXBuildFile; fileRef = 415F1902258349B70041CD37 /* RealNumberOperand.swift */; };
		415F1906258350650041CD37 /* Calculator.swift in Sources */ = {isa = PBXBuildFile; fileRef = 415F1905258350650041CD37 /* Calculator.swift */; };
		418BACD925810FE3002BD441 /* main.swift in Sources */ = {isa = PBXBuildFile; fileRef = 418BACD825810FE3002BD441 /* main.swift */; };
		41DA73AE25828B5A00C15197 /* Stack.swift in Sources */ = {isa = PBXBuildFile; fileRef = 41DA73AD25828B5A00C15197 /* Stack.swift */; };
		41DA73B225828BC200C15197 /* DecimalToken.swift in Sources */ = {isa = PBXBuildFile; fileRef = 41DA73B125828BC200C15197 /* DecimalToken.swift */; };
		41DA73B525828C0000C15197 /* IntegerOperand.swift in Sources */ = {isa = PBXBuildFile; fileRef = 41DA73B425828C0000C15197 /* IntegerOperand.swift */; };
		41DA73B825828C1500C15197 /* DecimalOperator.swift in Sources */ = {isa = PBXBuildFile; fileRef = 41DA73B725828C1500C15197 /* DecimalOperator.swift */; };
		41DA73BB25828C6100C15197 /* DecimalOperatorPrecedence.swift in Sources */ = {isa = PBXBuildFile; fileRef = 41DA73BA25828C6100C15197 /* DecimalOperatorPrecedence.swift */; };
		41DA73BE25828CA100C15197 /* ExpressionAnalyzer.swift in Sources */ = {isa = PBXBuildFile; fileRef = 41DA73BD25828CA100C15197 /* ExpressionAnalyzer.swift */; };
		41DA73C125828CC700C15197 /* TokenAnalyzer.swift in Sources */ = {isa = PBXBuildFile; fileRef = 41DA73C025828CC700C15197 /* TokenAnalyzer.swift */; };
		41E0AEC62585EDC6004250AD /* BinaryOperatorPrecedence.swift in Sources */ = {isa = PBXBuildFile; fileRef = 41E0AEC52585EDC6004250AD /* BinaryOperatorPrecedence.swift */; };
		41E0AECA2585EE0B004250AD /* BinaryOperator.swift in Sources */ = {isa = PBXBuildFile; fileRef = 41E0AEC92585EE0B004250AD /* BinaryOperator.swift */; };
		41E0AECE2585F430004250AD /* BinaryToken.swift in Sources */ = {isa = PBXBuildFile; fileRef = 41E0AECD2585F430004250AD /* BinaryToken.swift */; };
/* End PBXBuildFile section */

/* Begin PBXCopyFilesBuildPhase section */
		418BACD325810FE3002BD441 /* CopyFiles */ = {
			isa = PBXCopyFilesBuildPhase;
			buildActionMask = 2147483647;
			dstPath = /usr/share/man/man1/;
			dstSubfolderSpec = 0;
			files = (
			);
			runOnlyForDeploymentPostprocessing = 1;
		};
/* End PBXCopyFilesBuildPhase section */

/* Begin PBXFileReference section */
		411BC1E625851605008DCEC1 /* Calculation.swift */ = {isa = PBXFileReference; lastKnownFileType = sourcecode.swift; path = Calculation.swift; sourceTree = "<group>"; };
		415F1902258349B70041CD37 /* RealNumberOperand.swift */ = {isa = PBXFileReference; lastKnownFileType = sourcecode.swift; path = RealNumberOperand.swift; sourceTree = "<group>"; };
		415F1905258350650041CD37 /* Calculator.swift */ = {isa = PBXFileReference; lastKnownFileType = sourcecode.swift; path = Calculator.swift; sourceTree = "<group>"; };
		418BACD525810FE3002BD441 /* SwiftTest */ = {isa = PBXFileReference; explicitFileType = "compiled.mach-o.executable"; includeInIndex = 0; path = SwiftTest; sourceTree = BUILT_PRODUCTS_DIR; };
		418BACD825810FE3002BD441 /* main.swift */ = {isa = PBXFileReference; lastKnownFileType = sourcecode.swift; path = main.swift; sourceTree = "<group>"; };
		41DA73AD25828B5A00C15197 /* Stack.swift */ = {isa = PBXFileReference; lastKnownFileType = sourcecode.swift; path = Stack.swift; sourceTree = "<group>"; };
		41DA73B125828BC200C15197 /* DecimalToken.swift */ = {isa = PBXFileReference; lastKnownFileType = sourcecode.swift; path = DecimalToken.swift; sourceTree = "<group>"; };
		41DA73B425828C0000C15197 /* IntegerOperand.swift */ = {isa = PBXFileReference; lastKnownFileType = sourcecode.swift; path = IntegerOperand.swift; sourceTree = "<group>"; };
		41DA73B725828C1500C15197 /* DecimalOperator.swift */ = {isa = PBXFileReference; lastKnownFileType = sourcecode.swift; path = DecimalOperator.swift; sourceTree = "<group>"; };
		41DA73BA25828C6100C15197 /* DecimalOperatorPrecedence.swift */ = {isa = PBXFileReference; lastKnownFileType = sourcecode.swift; path = DecimalOperatorPrecedence.swift; sourceTree = "<group>"; };
		41DA73BD25828CA100C15197 /* ExpressionAnalyzer.swift */ = {isa = PBXFileReference; lastKnownFileType = sourcecode.swift; path = ExpressionAnalyzer.swift; sourceTree = "<group>"; };
		41DA73C025828CC700C15197 /* TokenAnalyzer.swift */ = {isa = PBXFileReference; lastKnownFileType = sourcecode.swift; path = TokenAnalyzer.swift; sourceTree = "<group>"; };
		41E0AEC52585EDC6004250AD /* BinaryOperatorPrecedence.swift */ = {isa = PBXFileReference; lastKnownFileType = sourcecode.swift; path = BinaryOperatorPrecedence.swift; sourceTree = "<group>"; };
		41E0AEC92585EE0B004250AD /* BinaryOperator.swift */ = {isa = PBXFileReference; lastKnownFileType = sourcecode.swift; path = BinaryOperator.swift; sourceTree = "<group>"; };
		41E0AECD2585F430004250AD /* BinaryToken.swift */ = {isa = PBXFileReference; lastKnownFileType = sourcecode.swift; path = BinaryToken.swift; sourceTree = "<group>"; };
/* End PBXFileReference section */

/* Begin PBXFrameworksBuildPhase section */
		418BACD225810FE3002BD441 /* Frameworks */ = {
			isa = PBXFrameworksBuildPhase;
			buildActionMask = 2147483647;
			files = (
			);
			runOnlyForDeploymentPostprocessing = 0;
		};
/* End PBXFrameworksBuildPhase section */

/* Begin PBXGroup section */
		411BC1E9258517CD008DCEC1 /* Calculator */ = {
			isa = PBXGroup;
			children = (
				411BC1E625851605008DCEC1 /* Calculation.swift */,
				415F1905258350650041CD37 /* Calculator.swift */,
			);
			path = Calculator;
			sourceTree = "<group>";
		};
		418BACCC25810FE3002BD441 = {
			isa = PBXGroup;
			children = (
				418BACD725810FE3002BD441 /* SwiftTest */,
				418BACD825810FE3002BD441 /* main.swift */,
				418BACD625810FE3002BD441 /* Products */,
			);
			sourceTree = "<group>";
		};
		418BACD625810FE3002BD441 /* Products */ = {
			isa = PBXGroup;
			children = (
				418BACD525810FE3002BD441 /* SwiftTest */,
			);
			name = Products;
			sourceTree = "<group>";
		};
		418BACD725810FE3002BD441 /* SwiftTest */ = {
			isa = PBXGroup;
			children = (
				41DA73AC25828B4A00C15197 /* Data Type */,
				41DA73A92582758600C15197 /* Analyzer */,
				41E0AEC02585EC17004250AD /* DecimalOperation */,
				41E0AEC42585EDA0004250AD /* BinaryOperation */,
				411BC1E9258517CD008DCEC1 /* Calculator */,
			);
			path = SwiftTest;
			sourceTree = "<group>";
		};
		41DA73A92582758600C15197 /* Analyzer */ = {
			isa = PBXGroup;
			children = (
				41DA73B125828BC200C15197 /* DecimalToken.swift */,
				41DA73C025828CC700C15197 /* TokenAnalyzer.swift */,
				41DA73BD25828CA100C15197 /* ExpressionAnalyzer.swift */,
			);
			path = Analyzer;
			sourceTree = "<group>";
		};
		41DA73AC25828B4A00C15197 /* Data Type */ = {
			isa = PBXGroup;
			children = (
				41DA73AD25828B5A00C15197 /* Stack.swift */,
			);
			path = "Data Type";
			sourceTree = "<group>";
		};
		41E0AEC02585EC17004250AD /* DecimalOperation */ = {
			isa = PBXGroup;
			children = (
				41DA73BA25828C6100C15197 /* DecimalOperatorPrecedence.swift */,
				41DA73B725828C1500C15197 /* DecimalOperator.swift */,
				41DA73B425828C0000C15197 /* IntegerOperand.swift */,
				415F1902258349B70041CD37 /* RealNumberOperand.swift */,
			);
			path = DecimalOperation;
			sourceTree = "<group>";
		};
		41E0AEC42585EDA0004250AD /* BinaryOperation */ = {
			isa = PBXGroup;
			children = (
				41E0AECD2585F430004250AD /* BinaryToken.swift */,
				41E0AEC52585EDC6004250AD /* BinaryOperatorPrecedence.swift */,
				41E0AEC92585EE0B004250AD /* BinaryOperator.swift */,
			);
			path = BinaryOperation;
			sourceTree = "<group>";
		};
/* End PBXGroup section */

/* Begin PBXNativeTarget section */
		418BACD425810FE3002BD441 /* SwiftTest */ = {
			isa = PBXNativeTarget;
			buildConfigurationList = 418BACDC25810FE3002BD441 /* Build configuration list for PBXNativeTarget "SwiftTest" */;
			buildPhases = (
				418BACD125810FE3002BD441 /* Sources */,
				418BACD225810FE3002BD441 /* Frameworks */,
				418BACD325810FE3002BD441 /* CopyFiles */,
			);
			buildRules = (
			);
			dependencies = (
			);
			name = SwiftTest;
			productName = SwiftTest;
			productReference = 418BACD525810FE3002BD441 /* SwiftTest */;
			productType = "com.apple.product-type.tool";
		};
/* End PBXNativeTarget section */

/* Begin PBXProject section */
		418BACCD25810FE3002BD441 /* Project object */ = {
			isa = PBXProject;
			attributes = {
				LastSwiftUpdateCheck = 1220;
				LastUpgradeCheck = 1220;
				TargetAttributes = {
					418BACD425810FE3002BD441 = {
						CreatedOnToolsVersion = 12.2;
					};
				};
			};
			buildConfigurationList = 418BACD025810FE3002BD441 /* Build configuration list for PBXProject "SwiftTest" */;
			compatibilityVersion = "Xcode 9.3";
			developmentRegion = en;
			hasScannedForEncodings = 0;
			knownRegions = (
				en,
				Base,
			);
			mainGroup = 418BACCC25810FE3002BD441;
			productRefGroup = 418BACD625810FE3002BD441 /* Products */;
			projectDirPath = "";
			projectRoot = "";
			targets = (
				418BACD425810FE3002BD441 /* SwiftTest */,
			);
		};
/* End PBXProject section */

/* Begin PBXSourcesBuildPhase section */
		418BACD125810FE3002BD441 /* Sources */ = {
			isa = PBXSourcesBuildPhase;
			buildActionMask = 2147483647;
			files = (
				415F1903258349B70041CD37 /* RealNumberOperand.swift in Sources */,
				41DA73B225828BC200C15197 /* DecimalToken.swift in Sources */,
				41E0AECE2585F430004250AD /* BinaryToken.swift in Sources */,
				411BC1E725851605008DCEC1 /* Calculation.swift in Sources */,
				41DA73B525828C0000C15197 /* IntegerOperand.swift in Sources */,
				415F1906258350650041CD37 /* Calculator.swift in Sources */,
				41DA73B825828C1500C15197 /* DecimalOperator.swift in Sources */,
				41DA73BB25828C6100C15197 /* DecimalOperatorPrecedence.swift in Sources */,
				41DA73BE25828CA100C15197 /* ExpressionAnalyzer.swift in Sources */,
				41E0AECA2585EE0B004250AD /* BinaryOperator.swift in Sources */,
				41E0AEC62585EDC6004250AD /* BinaryOperatorPrecedence.swift in Sources */,
				41DA73AE25828B5A00C15197 /* Stack.swift in Sources */,
				41DA73C125828CC700C15197 /* TokenAnalyzer.swift in Sources */,
				418BACD925810FE3002BD441 /* main.swift in Sources */,
			);
			runOnlyForDeploymentPostprocessing = 0;
		};
/* End PBXSourcesBuildPhase section */

/* Begin XCBuildConfiguration section */
		418BACDA25810FE3002BD441 /* Debug */ = {
			isa = XCBuildConfiguration;
			buildSettings = {
				ALWAYS_SEARCH_USER_PATHS = NO;
				CLANG_ANALYZER_NONNULL = YES;
				CLANG_ANALYZER_NUMBER_OBJECT_CONVERSION = YES_AGGRESSIVE;
				CLANG_CXX_LANGUAGE_STANDARD = "gnu++14";
				CLANG_CXX_LIBRARY = "libc++";
				CLANG_ENABLE_MODULES = YES;
				CLANG_ENABLE_OBJC_ARC = YES;
				CLANG_ENABLE_OBJC_WEAK = YES;
				CLANG_WARN_BLOCK_CAPTURE_AUTORELEASING = YES;
				CLANG_WARN_BOOL_CONVERSION = YES;
				CLANG_WARN_COMMA = YES;
				CLANG_WARN_CONSTANT_CONVERSION = YES;
				CLANG_WARN_DEPRECATED_OBJC_IMPLEMENTATIONS = YES;
				CLANG_WARN_DIRECT_OBJC_ISA_USAGE = YES_ERROR;
				CLANG_WARN_DOCUMENTATION_COMMENTS = YES;
				CLANG_WARN_EMPTY_BODY = YES;
				CLANG_WARN_ENUM_CONVERSION = YES;
				CLANG_WARN_INFINITE_RECURSION = YES;
				CLANG_WARN_INT_CONVERSION = YES;
				CLANG_WARN_NON_LITERAL_NULL_CONVERSION = YES;
				CLANG_WARN_OBJC_IMPLICIT_RETAIN_SELF = YES;
				CLANG_WARN_OBJC_LITERAL_CONVERSION = YES;
				CLANG_WARN_OBJC_ROOT_CLASS = YES_ERROR;
				CLANG_WARN_QUOTED_INCLUDE_IN_FRAMEWORK_HEADER = YES;
				CLANG_WARN_RANGE_LOOP_ANALYSIS = YES;
				CLANG_WARN_STRICT_PROTOTYPES = YES;
				CLANG_WARN_SUSPICIOUS_MOVE = YES;
				CLANG_WARN_UNGUARDED_AVAILABILITY = YES_AGGRESSIVE;
				CLANG_WARN_UNREACHABLE_CODE = YES;
				CLANG_WARN__DUPLICATE_METHOD_MATCH = YES;
				COPY_PHASE_STRIP = NO;
				DEBUG_INFORMATION_FORMAT = dwarf;
				ENABLE_STRICT_OBJC_MSGSEND = YES;
				ENABLE_TESTABILITY = YES;
				GCC_C_LANGUAGE_STANDARD = gnu11;
				GCC_DYNAMIC_NO_PIC = NO;
				GCC_NO_COMMON_BLOCKS = YES;
				GCC_OPTIMIZATION_LEVEL = 0;
				GCC_PREPROCESSOR_DEFINITIONS = (
					"DEBUG=1",
					"$(inherited)",
				);
				GCC_WARN_64_TO_32_BIT_CONVERSION = YES;
				GCC_WARN_ABOUT_RETURN_TYPE = YES_ERROR;
				GCC_WARN_UNDECLARED_SELECTOR = YES;
				GCC_WARN_UNINITIALIZED_AUTOS = YES_AGGRESSIVE;
				GCC_WARN_UNUSED_FUNCTION = YES;
				GCC_WARN_UNUSED_VARIABLE = YES;
				MACOSX_DEPLOYMENT_TARGET = 11.0;
				MTL_ENABLE_DEBUG_INFO = INCLUDE_SOURCE;
				MTL_FAST_MATH = YES;
				ONLY_ACTIVE_ARCH = YES;
				SDKROOT = macosx;
				SWIFT_ACTIVE_COMPILATION_CONDITIONS = DEBUG;
				SWIFT_OPTIMIZATION_LEVEL = "-Onone";
			};
			name = Debug;
		};
		418BACDB25810FE3002BD441 /* Release */ = {
			isa = XCBuildConfiguration;
			buildSettings = {
				ALWAYS_SEARCH_USER_PATHS = NO;
				CLANG_ANALYZER_NONNULL = YES;
				CLANG_ANALYZER_NUMBER_OBJECT_CONVERSION = YES_AGGRESSIVE;
				CLANG_CXX_LANGUAGE_STANDARD = "gnu++14";
				CLANG_CXX_LIBRARY = "libc++";
				CLANG_ENABLE_MODULES = YES;
				CLANG_ENABLE_OBJC_ARC = YES;
				CLANG_ENABLE_OBJC_WEAK = YES;
				CLANG_WARN_BLOCK_CAPTURE_AUTORELEASING = YES;
				CLANG_WARN_BOOL_CONVERSION = YES;
				CLANG_WARN_COMMA = YES;
				CLANG_WARN_CONSTANT_CONVERSION = YES;
				CLANG_WARN_DEPRECATED_OBJC_IMPLEMENTATIONS = YES;
				CLANG_WARN_DIRECT_OBJC_ISA_USAGE = YES_ERROR;
				CLANG_WARN_DOCUMENTATION_COMMENTS = YES;
				CLANG_WARN_EMPTY_BODY = YES;
				CLANG_WARN_ENUM_CONVERSION = YES;
				CLANG_WARN_INFINITE_RECURSION = YES;
				CLANG_WARN_INT_CONVERSION = YES;
				CLANG_WARN_NON_LITERAL_NULL_CONVERSION = YES;
				CLANG_WARN_OBJC_IMPLICIT_RETAIN_SELF = YES;
				CLANG_WARN_OBJC_LITERAL_CONVERSION = YES;
				CLANG_WARN_OBJC_ROOT_CLASS = YES_ERROR;
				CLANG_WARN_QUOTED_INCLUDE_IN_FRAMEWORK_HEADER = YES;
				CLANG_WARN_RANGE_LOOP_ANALYSIS = YES;
				CLANG_WARN_STRICT_PROTOTYPES = YES;
				CLANG_WARN_SUSPICIOUS_MOVE = YES;
				CLANG_WARN_UNGUARDED_AVAILABILITY = YES_AGGRESSIVE;
				CLANG_WARN_UNREACHABLE_CODE = YES;
				CLANG_WARN__DUPLICATE_METHOD_MATCH = YES;
				COPY_PHASE_STRIP = NO;
				DEBUG_INFORMATION_FORMAT = "dwarf-with-dsym";
				ENABLE_NS_ASSERTIONS = NO;
				ENABLE_STRICT_OBJC_MSGSEND = YES;
				GCC_C_LANGUAGE_STANDARD = gnu11;
				GCC_NO_COMMON_BLOCKS = YES;
				GCC_WARN_64_TO_32_BIT_CONVERSION = YES;
				GCC_WARN_ABOUT_RETURN_TYPE = YES_ERROR;
				GCC_WARN_UNDECLARED_SELECTOR = YES;
				GCC_WARN_UNINITIALIZED_AUTOS = YES_AGGRESSIVE;
				GCC_WARN_UNUSED_FUNCTION = YES;
				GCC_WARN_UNUSED_VARIABLE = YES;
				MACOSX_DEPLOYMENT_TARGET = 11.0;
				MTL_ENABLE_DEBUG_INFO = NO;
				MTL_FAST_MATH = YES;
				SDKROOT = macosx;
				SWIFT_COMPILATION_MODE = wholemodule;
				SWIFT_OPTIMIZATION_LEVEL = "-O";
			};
			name = Release;
		};
		418BACDD25810FE3002BD441 /* Debug */ = {
			isa = XCBuildConfiguration;
			buildSettings = {
				CODE_SIGN_STYLE = Automatic;
				PRODUCT_NAME = "$(TARGET_NAME)";
				SWIFT_VERSION = 5.0;
			};
			name = Debug;
		};
		418BACDE25810FE3002BD441 /* Release */ = {
			isa = XCBuildConfiguration;
			buildSettings = {
				CODE_SIGN_STYLE = Automatic;
				PRODUCT_NAME = "$(TARGET_NAME)";
				SWIFT_VERSION = 5.0;
			};
			name = Release;
		};
/* End XCBuildConfiguration section */

/* Begin XCConfigurationList section */
		418BACD025810FE3002BD441 /* Build configuration list for PBXProject "SwiftTest" */ = {
			isa = XCConfigurationList;
			buildConfigurations = (
				418BACDA25810FE3002BD441 /* Debug */,
				418BACDB25810FE3002BD441 /* Release */,
			);
			defaultConfigurationIsVisible = 0;
			defaultConfigurationName = Release;
		};
		418BACDC25810FE3002BD441 /* Build configuration list for PBXNativeTarget "SwiftTest" */ = {
			isa = XCConfigurationList;
			buildConfigurations = (
				418BACDD25810FE3002BD441 /* Debug */,
				418BACDE25810FE3002BD441 /* Release */,
			);
			defaultConfigurationIsVisible = 0;
			defaultConfigurationName = Release;
		};
/* End XCConfigurationList section */
	};
	rootObject = 418BACCD25810FE3002BD441 /* Project object */;
}
