// !$*UTF8*$!
{
	archiveVersion = 1;
	classes = {
	};
	objectVersion = 50;
	objects = {

/* Begin PBXBuildFile section */
		41034E1A25B08750002A7AFE /* main.swift in Sources */ = {isa = PBXBuildFile; fileRef = 41034E1925B08750002A7AFE /* main.swift */; };
		41AF90C725ADEBC0008FD592 /* AppDelegate.swift in Sources */ = {isa = PBXBuildFile; fileRef = 41AF90C625ADEBC0008FD592 /* AppDelegate.swift */; };
		41AF90C925ADEBC0008FD592 /* SceneDelegate.swift in Sources */ = {isa = PBXBuildFile; fileRef = 41AF90C825ADEBC0008FD592 /* SceneDelegate.swift */; };
		41AF90CB25ADEBC0008FD592 /* ViewController.swift in Sources */ = {isa = PBXBuildFile; fileRef = 41AF90CA25ADEBC0008FD592 /* ViewController.swift */; };
		41AF90CE25ADEBC0008FD592 /* Main.storyboard in Resources */ = {isa = PBXBuildFile; fileRef = 41AF90CC25ADEBC0008FD592 /* Main.storyboard */; };
		41AF90D025ADEBC1008FD592 /* Assets.xcassets in Resources */ = {isa = PBXBuildFile; fileRef = 41AF90CF25ADEBC1008FD592 /* Assets.xcassets */; };
		41AF90D325ADEBC1008FD592 /* LaunchScreen.storyboard in Resources */ = {isa = PBXBuildFile; fileRef = 41AF90D125ADEBC1008FD592 /* LaunchScreen.storyboard */; };
		41AF90DE25ADEBC2008FD592 /* iOSTestTests.swift in Sources */ = {isa = PBXBuildFile; fileRef = 41AF90DD25ADEBC2008FD592 /* iOSTestTests.swift */; };
		41AF90E925ADEBC2008FD592 /* iOSTestUITests.swift in Sources */ = {isa = PBXBuildFile; fileRef = 41AF90E825ADEBC2008FD592 /* iOSTestUITests.swift */; };
/* End PBXBuildFile section */

/* Begin PBXContainerItemProxy section */
		41AF90DA25ADEBC2008FD592 /* PBXContainerItemProxy */ = {
			isa = PBXContainerItemProxy;
			containerPortal = 41AF90BB25ADEBC0008FD592 /* Project object */;
			proxyType = 1;
			remoteGlobalIDString = 41AF90C225ADEBC0008FD592;
			remoteInfo = iOSTest;
		};
		41AF90E525ADEBC2008FD592 /* PBXContainerItemProxy */ = {
			isa = PBXContainerItemProxy;
			containerPortal = 41AF90BB25ADEBC0008FD592 /* Project object */;
			proxyType = 1;
			remoteGlobalIDString = 41AF90C225ADEBC0008FD592;
			remoteInfo = iOSTest;
		};
/* End PBXContainerItemProxy section */

/* Begin PBXFileReference section */
		41034E1925B08750002A7AFE /* main.swift */ = {isa = PBXFileReference; lastKnownFileType = sourcecode.swift; path = main.swift; sourceTree = "<group>"; };
		41AF90C325ADEBC0008FD592 /* iOSTest.app */ = {isa = PBXFileReference; explicitFileType = wrapper.application; includeInIndex = 0; path = iOSTest.app; sourceTree = BUILT_PRODUCTS_DIR; };
		41AF90C625ADEBC0008FD592 /* AppDelegate.swift */ = {isa = PBXFileReference; lastKnownFileType = sourcecode.swift; path = AppDelegate.swift; sourceTree = "<group>"; };
		41AF90C825ADEBC0008FD592 /* SceneDelegate.swift */ = {isa = PBXFileReference; lastKnownFileType = sourcecode.swift; path = SceneDelegate.swift; sourceTree = "<group>"; };
		41AF90CA25ADEBC0008FD592 /* ViewController.swift */ = {isa = PBXFileReference; lastKnownFileType = sourcecode.swift; path = ViewController.swift; sourceTree = "<group>"; };
		41AF90CD25ADEBC0008FD592 /* Base */ = {isa = PBXFileReference; lastKnownFileType = file.storyboard; name = Base; path = Base.lproj/Main.storyboard; sourceTree = "<group>"; };
		41AF90CF25ADEBC1008FD592 /* Assets.xcassets */ = {isa = PBXFileReference; lastKnownFileType = folder.assetcatalog; path = Assets.xcassets; sourceTree = "<group>"; };
		41AF90D225ADEBC1008FD592 /* Base */ = {isa = PBXFileReference; lastKnownFileType = file.storyboard; name = Base; path = Base.lproj/LaunchScreen.storyboard; sourceTree = "<group>"; };
		41AF90D425ADEBC1008FD592 /* Info.plist */ = {isa = PBXFileReference; lastKnownFileType = text.plist.xml; path = Info.plist; sourceTree = "<group>"; };
		41AF90D925ADEBC2008FD592 /* iOSTestTests.xctest */ = {isa = PBXFileReference; explicitFileType = wrapper.cfbundle; includeInIndex = 0; path = iOSTestTests.xctest; sourceTree = BUILT_PRODUCTS_DIR; };
		41AF90DD25ADEBC2008FD592 /* iOSTestTests.swift */ = {isa = PBXFileReference; lastKnownFileType = sourcecode.swift; path = iOSTestTests.swift; sourceTree = "<group>"; };
		41AF90DF25ADEBC2008FD592 /* Info.plist */ = {isa = PBXFileReference; lastKnownFileType = text.plist.xml; path = Info.plist; sourceTree = "<group>"; };
		41AF90E425ADEBC2008FD592 /* iOSTestUITests.xctest */ = {isa = PBXFileReference; explicitFileType = wrapper.cfbundle; includeInIndex = 0; path = iOSTestUITests.xctest; sourceTree = BUILT_PRODUCTS_DIR; };
		41AF90E825ADEBC2008FD592 /* iOSTestUITests.swift */ = {isa = PBXFileReference; lastKnownFileType = sourcecode.swift; path = iOSTestUITests.swift; sourceTree = "<group>"; };
		41AF90EA25ADEBC2008FD592 /* Info.plist */ = {isa = PBXFileReference; lastKnownFileType = text.plist.xml; path = Info.plist; sourceTree = "<group>"; };
/* End PBXFileReference section */

/* Begin PBXFrameworksBuildPhase section */
		41AF90C025ADEBC0008FD592 /* Frameworks */ = {
			isa = PBXFrameworksBuildPhase;
			buildActionMask = 2147483647;
			files = (
			);
			runOnlyForDeploymentPostprocessing = 0;
		};
		41AF90D625ADEBC2008FD592 /* Frameworks */ = {
			isa = PBXFrameworksBuildPhase;
			buildActionMask = 2147483647;
			files = (
			);
			runOnlyForDeploymentPostprocessing = 0;
		};
		41AF90E125ADEBC2008FD592 /* Frameworks */ = {
			isa = PBXFrameworksBuildPhase;
			buildActionMask = 2147483647;
			files = (
			);
			runOnlyForDeploymentPostprocessing = 0;
		};
/* End PBXFrameworksBuildPhase section */

/* Begin PBXGroup section */
		41AF90BA25ADEBC0008FD592 = {
			isa = PBXGroup;
			children = (
				41AF90C525ADEBC0008FD592 /* iOSTest */,
				41AF90DC25ADEBC2008FD592 /* iOSTestTests */,
				41AF90E725ADEBC2008FD592 /* iOSTestUITests */,
				41AF90C425ADEBC0008FD592 /* Products */,
			);
			sourceTree = "<group>";
		};
		41AF90C425ADEBC0008FD592 /* Products */ = {
			isa = PBXGroup;
			children = (
				41AF90C325ADEBC0008FD592 /* iOSTest.app */,
				41AF90D925ADEBC2008FD592 /* iOSTestTests.xctest */,
				41AF90E425ADEBC2008FD592 /* iOSTestUITests.xctest */,
			);
			name = Products;
			sourceTree = "<group>";
		};
		41AF90C525ADEBC0008FD592 /* iOSTest */ = {
			isa = PBXGroup;
			children = (
				41AF90C625ADEBC0008FD592 /* AppDelegate.swift */,
				41034E1925B08750002A7AFE /* main.swift */,
				41AF90C825ADEBC0008FD592 /* SceneDelegate.swift */,
				41AF90CA25ADEBC0008FD592 /* ViewController.swift */,
				41AF90CC25ADEBC0008FD592 /* Main.storyboard */,
				41AF90CF25ADEBC1008FD592 /* Assets.xcassets */,
				41AF90D125ADEBC1008FD592 /* LaunchScreen.storyboard */,
				41AF90D425ADEBC1008FD592 /* Info.plist */,
			);
			path = iOSTest;
			sourceTree = "<group>";
		};
		41AF90DC25ADEBC2008FD592 /* iOSTestTests */ = {
			isa = PBXGroup;
			children = (
				41AF90DD25ADEBC2008FD592 /* iOSTestTests.swift */,
				41AF90DF25ADEBC2008FD592 /* Info.plist */,
			);
			path = iOSTestTests;
			sourceTree = "<group>";
		};
		41AF90E725ADEBC2008FD592 /* iOSTestUITests */ = {
			isa = PBXGroup;
			children = (
				41AF90E825ADEBC2008FD592 /* iOSTestUITests.swift */,
				41AF90EA25ADEBC2008FD592 /* Info.plist */,
			);
			path = iOSTestUITests;
			sourceTree = "<group>";
		};
/* End PBXGroup section */

/* Begin PBXNativeTarget section */
		41AF90C225ADEBC0008FD592 /* iOSTest */ = {
			isa = PBXNativeTarget;
			buildConfigurationList = 41AF90ED25ADEBC2008FD592 /* Build configuration list for PBXNativeTarget "iOSTest" */;
			buildPhases = (
				41AF90BF25ADEBC0008FD592 /* Sources */,
				41AF90C025ADEBC0008FD592 /* Frameworks */,
				41AF90C125ADEBC0008FD592 /* Resources */,
			);
			buildRules = (
			);
			dependencies = (
			);
			name = iOSTest;
			productName = iOSTest;
			productReference = 41AF90C325ADEBC0008FD592 /* iOSTest.app */;
			productType = "com.apple.product-type.application";
		};
		41AF90D825ADEBC2008FD592 /* iOSTestTests */ = {
			isa = PBXNativeTarget;
			buildConfigurationList = 41AF90F025ADEBC2008FD592 /* Build configuration list for PBXNativeTarget "iOSTestTests" */;
			buildPhases = (
				41AF90D525ADEBC2008FD592 /* Sources */,
				41AF90D625ADEBC2008FD592 /* Frameworks */,
				41AF90D725ADEBC2008FD592 /* Resources */,
			);
			buildRules = (
			);
			dependencies = (
				41AF90DB25ADEBC2008FD592 /* PBXTargetDependency */,
			);
			name = iOSTestTests;
			productName = iOSTestTests;
			productReference = 41AF90D925ADEBC2008FD592 /* iOSTestTests.xctest */;
			productType = "com.apple.product-type.bundle.unit-test";
		};
		41AF90E325ADEBC2008FD592 /* iOSTestUITests */ = {
			isa = PBXNativeTarget;
			buildConfigurationList = 41AF90F325ADEBC2008FD592 /* Build configuration list for PBXNativeTarget "iOSTestUITests" */;
			buildPhases = (
				41AF90E025ADEBC2008FD592 /* Sources */,
				41AF90E125ADEBC2008FD592 /* Frameworks */,
				41AF90E225ADEBC2008FD592 /* Resources */,
			);
			buildRules = (
			);
			dependencies = (
				41AF90E625ADEBC2008FD592 /* PBXTargetDependency */,
			);
			name = iOSTestUITests;
			productName = iOSTestUITests;
			productReference = 41AF90E425ADEBC2008FD592 /* iOSTestUITests.xctest */;
			productType = "com.apple.product-type.bundle.ui-testing";
		};
/* End PBXNativeTarget section */

/* Begin PBXProject section */
		41AF90BB25ADEBC0008FD592 /* Project object */ = {
			isa = PBXProject;
			attributes = {
				LastSwiftUpdateCheck = 1230;
				LastUpgradeCheck = 1230;
				TargetAttributes = {
					41AF90C225ADEBC0008FD592 = {
						CreatedOnToolsVersion = 12.3;
					};
					41AF90D825ADEBC2008FD592 = {
						CreatedOnToolsVersion = 12.3;
						TestTargetID = 41AF90C225ADEBC0008FD592;
					};
					41AF90E325ADEBC2008FD592 = {
						CreatedOnToolsVersion = 12.3;
						TestTargetID = 41AF90C225ADEBC0008FD592;
					};
				};
			};
			buildConfigurationList = 41AF90BE25ADEBC0008FD592 /* Build configuration list for PBXProject "iOSTest" */;
			compatibilityVersion = "Xcode 9.3";
			developmentRegion = en;
			hasScannedForEncodings = 0;
			knownRegions = (
				en,
				Base,
			);
			mainGroup = 41AF90BA25ADEBC0008FD592;
			productRefGroup = 41AF90C425ADEBC0008FD592 /* Products */;
			projectDirPath = "";
			projectRoot = "";
			targets = (
				41AF90C225ADEBC0008FD592 /* iOSTest */,
				41AF90D825ADEBC2008FD592 /* iOSTestTests */,
				41AF90E325ADEBC2008FD592 /* iOSTestUITests */,
			);
		};
/* End PBXProject section */

/* Begin PBXResourcesBuildPhase section */
		41AF90C125ADEBC0008FD592 /* Resources */ = {
			isa = PBXResourcesBuildPhase;
			buildActionMask = 2147483647;
			files = (
				41AF90D325ADEBC1008FD592 /* LaunchScreen.storyboard in Resources */,
				41AF90D025ADEBC1008FD592 /* Assets.xcassets in Resources */,
				41AF90CE25ADEBC0008FD592 /* Main.storyboard in Resources */,
			);
			runOnlyForDeploymentPostprocessing = 0;
		};
		41AF90D725ADEBC2008FD592 /* Resources */ = {
			isa = PBXResourcesBuildPhase;
			buildActionMask = 2147483647;
			files = (
			);
			runOnlyForDeploymentPostprocessing = 0;
		};
		41AF90E225ADEBC2008FD592 /* Resources */ = {
			isa = PBXResourcesBuildPhase;
			buildActionMask = 2147483647;
			files = (
			);
			runOnlyForDeploymentPostprocessing = 0;
		};
/* End PBXResourcesBuildPhase section */

/* Begin PBXSourcesBuildPhase section */
		41AF90BF25ADEBC0008FD592 /* Sources */ = {
			isa = PBXSourcesBuildPhase;
			buildActionMask = 2147483647;
			files = (
				41AF90CB25ADEBC0008FD592 /* ViewController.swift in Sources */,
				41AF90C725ADEBC0008FD592 /* AppDelegate.swift in Sources */,
				41034E1A25B08750002A7AFE /* main.swift in Sources */,
				41AF90C925ADEBC0008FD592 /* SceneDelegate.swift in Sources */,
			);
			runOnlyForDeploymentPostprocessing = 0;
		};
		41AF90D525ADEBC2008FD592 /* Sources */ = {
			isa = PBXSourcesBuildPhase;
			buildActionMask = 2147483647;
			files = (
				41AF90DE25ADEBC2008FD592 /* iOSTestTests.swift in Sources */,
			);
			runOnlyForDeploymentPostprocessing = 0;
		};
		41AF90E025ADEBC2008FD592 /* Sources */ = {
			isa = PBXSourcesBuildPhase;
			buildActionMask = 2147483647;
			files = (
				41AF90E925ADEBC2008FD592 /* iOSTestUITests.swift in Sources */,
			);
			runOnlyForDeploymentPostprocessing = 0;
		};
/* End PBXSourcesBuildPhase section */

/* Begin PBXTargetDependency section */
		41AF90DB25ADEBC2008FD592 /* PBXTargetDependency */ = {
			isa = PBXTargetDependency;
			target = 41AF90C225ADEBC0008FD592 /* iOSTest */;
			targetProxy = 41AF90DA25ADEBC2008FD592 /* PBXContainerItemProxy */;
		};
		41AF90E625ADEBC2008FD592 /* PBXTargetDependency */ = {
			isa = PBXTargetDependency;
			target = 41AF90C225ADEBC0008FD592 /* iOSTest */;
			targetProxy = 41AF90E525ADEBC2008FD592 /* PBXContainerItemProxy */;
		};
/* End PBXTargetDependency section */

/* Begin PBXVariantGroup section */
		41AF90CC25ADEBC0008FD592 /* Main.storyboard */ = {
			isa = PBXVariantGroup;
			children = (
				41AF90CD25ADEBC0008FD592 /* Base */,
			);
			name = Main.storyboard;
			sourceTree = "<group>";
		};
		41AF90D125ADEBC1008FD592 /* LaunchScreen.storyboard */ = {
			isa = PBXVariantGroup;
			children = (
				41AF90D225ADEBC1008FD592 /* Base */,
			);
			name = LaunchScreen.storyboard;
			sourceTree = "<group>";
		};
/* End PBXVariantGroup section */

/* Begin XCBuildConfiguration section */
		41AF90EB25ADEBC2008FD592 /* Debug */ = {
			isa = XCBuildConfiguration;
			buildSettings = {
				ALWAYS_SEARCH_USER_PATHS = NO;
				CLANG_ANALYZER_NONNULL = YES;
				CLANG_ANALYZER_NUMBER_OBJECT_CONVERSION = YES_AGGRESSIVE;
				CLANG_CXX_LANGUAGE_STANDARD = "gnu++14";
				CLANG_CXX_LIBRARY = "libc++";
				CLANG_ENABLE_MODULES = YES;
				CLANG_ENABLE_OBJC_ARC = YES;
				CLANG_ENABLE_OBJC_WEAK = YES;
				CLANG_WARN_BLOCK_CAPTURE_AUTORELEASING = YES;
				CLANG_WARN_BOOL_CONVERSION = YES;
				CLANG_WARN_COMMA = YES;
				CLANG_WARN_CONSTANT_CONVERSION = YES;
				CLANG_WARN_DEPRECATED_OBJC_IMPLEMENTATIONS = YES;
				CLANG_WARN_DIRECT_OBJC_ISA_USAGE = YES_ERROR;
				CLANG_WARN_DOCUMENTATION_COMMENTS = YES;
				CLANG_WARN_EMPTY_BODY = YES;
				CLANG_WARN_ENUM_CONVERSION = YES;
				CLANG_WARN_INFINITE_RECURSION = YES;
				CLANG_WARN_INT_CONVERSION = YES;
				CLANG_WARN_NON_LITERAL_NULL_CONVERSION = YES;
				CLANG_WARN_OBJC_IMPLICIT_RETAIN_SELF = YES;
				CLANG_WARN_OBJC_LITERAL_CONVERSION = YES;
				CLANG_WARN_OBJC_ROOT_CLASS = YES_ERROR;
				CLANG_WARN_QUOTED_INCLUDE_IN_FRAMEWORK_HEADER = YES;
				CLANG_WARN_RANGE_LOOP_ANALYSIS = YES;
				CLANG_WARN_STRICT_PROTOTYPES = YES;
				CLANG_WARN_SUSPICIOUS_MOVE = YES;
				CLANG_WARN_UNGUARDED_AVAILABILITY = YES_AGGRESSIVE;
				CLANG_WARN_UNREACHABLE_CODE = YES;
				CLANG_WARN__DUPLICATE_METHOD_MATCH = YES;
				COPY_PHASE_STRIP = NO;
				DEBUG_INFORMATION_FORMAT = dwarf;
				ENABLE_STRICT_OBJC_MSGSEND = YES;
				ENABLE_TESTABILITY = YES;
				GCC_C_LANGUAGE_STANDARD = gnu11;
				GCC_DYNAMIC_NO_PIC = NO;
				GCC_NO_COMMON_BLOCKS = YES;
				GCC_OPTIMIZATION_LEVEL = 0;
				GCC_PREPROCESSOR_DEFINITIONS = (
					"DEBUG=1",
					"$(inherited)",
				);
				GCC_WARN_64_TO_32_BIT_CONVERSION = YES;
				GCC_WARN_ABOUT_RETURN_TYPE = YES_ERROR;
				GCC_WARN_UNDECLARED_SELECTOR = YES;
				GCC_WARN_UNINITIALIZED_AUTOS = YES_AGGRESSIVE;
				GCC_WARN_UNUSED_FUNCTION = YES;
				GCC_WARN_UNUSED_VARIABLE = YES;
				IPHONEOS_DEPLOYMENT_TARGET = 14.3;
				MTL_ENABLE_DEBUG_INFO = INCLUDE_SOURCE;
				MTL_FAST_MATH = YES;
				ONLY_ACTIVE_ARCH = YES;
				SDKROOT = iphoneos;
				SWIFT_ACTIVE_COMPILATION_CONDITIONS = DEBUG;
				SWIFT_OPTIMIZATION_LEVEL = "-Onone";
			};
			name = Debug;
		};
		41AF90EC25ADEBC2008FD592 /* Release */ = {
			isa = XCBuildConfiguration;
			buildSettings = {
				ALWAYS_SEARCH_USER_PATHS = NO;
				CLANG_ANALYZER_NONNULL = YES;
				CLANG_ANALYZER_NUMBER_OBJECT_CONVERSION = YES_AGGRESSIVE;
				CLANG_CXX_LANGUAGE_STANDARD = "gnu++14";
				CLANG_CXX_LIBRARY = "libc++";
				CLANG_ENABLE_MODULES = YES;
				CLANG_ENABLE_OBJC_ARC = YES;
				CLANG_ENABLE_OBJC_WEAK = YES;
				CLANG_WARN_BLOCK_CAPTURE_AUTORELEASING = YES;
				CLANG_WARN_BOOL_CONVERSION = YES;
				CLANG_WARN_COMMA = YES;
				CLANG_WARN_CONSTANT_CONVERSION = YES;
				CLANG_WARN_DEPRECATED_OBJC_IMPLEMENTATIONS = YES;
				CLANG_WARN_DIRECT_OBJC_ISA_USAGE = YES_ERROR;
				CLANG_WARN_DOCUMENTATION_COMMENTS = YES;
				CLANG_WARN_EMPTY_BODY = YES;
				CLANG_WARN_ENUM_CONVERSION = YES;
				CLANG_WARN_INFINITE_RECURSION = YES;
				CLANG_WARN_INT_CONVERSION = YES;
				CLANG_WARN_NON_LITERAL_NULL_CONVERSION = YES;
				CLANG_WARN_OBJC_IMPLICIT_RETAIN_SELF = YES;
				CLANG_WARN_OBJC_LITERAL_CONVERSION = YES;
				CLANG_WARN_OBJC_ROOT_CLASS = YES_ERROR;
				CLANG_WARN_QUOTED_INCLUDE_IN_FRAMEWORK_HEADER = YES;
				CLANG_WARN_RANGE_LOOP_ANALYSIS = YES;
				CLANG_WARN_STRICT_PROTOTYPES = YES;
				CLANG_WARN_SUSPICIOUS_MOVE = YES;
				CLANG_WARN_UNGUARDED_AVAILABILITY = YES_AGGRESSIVE;
				CLANG_WARN_UNREACHABLE_CODE = YES;
				CLANG_WARN__DUPLICATE_METHOD_MATCH = YES;
				COPY_PHASE_STRIP = NO;
				DEBUG_INFORMATION_FORMAT = "dwarf-with-dsym";
				ENABLE_NS_ASSERTIONS = NO;
				ENABLE_STRICT_OBJC_MSGSEND = YES;
				GCC_C_LANGUAGE_STANDARD = gnu11;
				GCC_NO_COMMON_BLOCKS = YES;
				GCC_WARN_64_TO_32_BIT_CONVERSION = YES;
				GCC_WARN_ABOUT_RETURN_TYPE = YES_ERROR;
				GCC_WARN_UNDECLARED_SELECTOR = YES;
				GCC_WARN_UNINITIALIZED_AUTOS = YES_AGGRESSIVE;
				GCC_WARN_UNUSED_FUNCTION = YES;
				GCC_WARN_UNUSED_VARIABLE = YES;
				IPHONEOS_DEPLOYMENT_TARGET = 14.3;
				MTL_ENABLE_DEBUG_INFO = NO;
				MTL_FAST_MATH = YES;
				SDKROOT = iphoneos;
				SWIFT_COMPILATION_MODE = wholemodule;
				SWIFT_OPTIMIZATION_LEVEL = "-O";
				VALIDATE_PRODUCT = YES;
			};
			name = Release;
		};
		41AF90EE25ADEBC2008FD592 /* Debug */ = {
			isa = XCBuildConfiguration;
			buildSettings = {
				ASSETCATALOG_COMPILER_APPICON_NAME = AppIcon;
				ASSETCATALOG_COMPILER_GLOBAL_ACCENT_COLOR_NAME = AccentColor;
				CODE_SIGN_STYLE = Automatic;
				INFOPLIST_FILE = iOSTest/Info.plist;
				LD_RUNPATH_SEARCH_PATHS = (
					"$(inherited)",
					"@executable_path/Frameworks",
				);
				PRODUCT_BUNDLE_IDENTIFIER = zdo.iOSTest;
				PRODUCT_NAME = "$(TARGET_NAME)";
				SWIFT_VERSION = 5.0;
				TARGETED_DEVICE_FAMILY = "1,2";
			};
			name = Debug;
		};
		41AF90EF25ADEBC2008FD592 /* Release */ = {
			isa = XCBuildConfiguration;
			buildSettings = {
				ASSETCATALOG_COMPILER_APPICON_NAME = AppIcon;
				ASSETCATALOG_COMPILER_GLOBAL_ACCENT_COLOR_NAME = AccentColor;
				CODE_SIGN_STYLE = Automatic;
				INFOPLIST_FILE = iOSTest/Info.plist;
				LD_RUNPATH_SEARCH_PATHS = (
					"$(inherited)",
					"@executable_path/Frameworks",
				);
				PRODUCT_BUNDLE_IDENTIFIER = zdo.iOSTest;
				PRODUCT_NAME = "$(TARGET_NAME)";
				SWIFT_VERSION = 5.0;
				TARGETED_DEVICE_FAMILY = "1,2";
			};
			name = Release;
		};
		41AF90F125ADEBC2008FD592 /* Debug */ = {
			isa = XCBuildConfiguration;
			buildSettings = {
				ALWAYS_EMBED_SWIFT_STANDARD_LIBRARIES = YES;
				BUNDLE_LOADER = "$(TEST_HOST)";
				CODE_SIGN_STYLE = Automatic;
				INFOPLIST_FILE = iOSTestTests/Info.plist;
				IPHONEOS_DEPLOYMENT_TARGET = 14.3;
				LD_RUNPATH_SEARCH_PATHS = (
					"$(inherited)",
					"@executable_path/Frameworks",
					"@loader_path/Frameworks",
				);
				PRODUCT_BUNDLE_IDENTIFIER = zdo.iOSTestTests;
				PRODUCT_NAME = "$(TARGET_NAME)";
				SWIFT_VERSION = 5.0;
				TARGETED_DEVICE_FAMILY = "1,2";
				TEST_HOST = "$(BUILT_PRODUCTS_DIR)/iOSTest.app/iOSTest";
			};
			name = Debug;
		};
		41AF90F225ADEBC2008FD592 /* Release */ = {
			isa = XCBuildConfiguration;
			buildSettings = {
				ALWAYS_EMBED_SWIFT_STANDARD_LIBRARIES = YES;
				BUNDLE_LOADER = "$(TEST_HOST)";
				CODE_SIGN_STYLE = Automatic;
				INFOPLIST_FILE = iOSTestTests/Info.plist;
				IPHONEOS_DEPLOYMENT_TARGET = 14.3;
				LD_RUNPATH_SEARCH_PATHS = (
					"$(inherited)",
					"@executable_path/Frameworks",
					"@loader_path/Frameworks",
				);
				PRODUCT_BUNDLE_IDENTIFIER = zdo.iOSTestTests;
				PRODUCT_NAME = "$(TARGET_NAME)";
				SWIFT_VERSION = 5.0;
				TARGETED_DEVICE_FAMILY = "1,2";
				TEST_HOST = "$(BUILT_PRODUCTS_DIR)/iOSTest.app/iOSTest";
			};
			name = Release;
		};
		41AF90F425ADEBC2008FD592 /* Debug */ = {
			isa = XCBuildConfiguration;
			buildSettings = {
				ALWAYS_EMBED_SWIFT_STANDARD_LIBRARIES = YES;
				CODE_SIGN_STYLE = Automatic;
				INFOPLIST_FILE = iOSTestUITests/Info.plist;
				LD_RUNPATH_SEARCH_PATHS = (
					"$(inherited)",
					"@executable_path/Frameworks",
					"@loader_path/Frameworks",
				);
				PRODUCT_BUNDLE_IDENTIFIER = zdo.iOSTestUITests;
				PRODUCT_NAME = "$(TARGET_NAME)";
				SWIFT_VERSION = 5.0;
				TARGETED_DEVICE_FAMILY = "1,2";
				TEST_TARGET_NAME = iOSTest;
			};
			name = Debug;
		};
		41AF90F525ADEBC2008FD592 /* Release */ = {
			isa = XCBuildConfiguration;
			buildSettings = {
				ALWAYS_EMBED_SWIFT_STANDARD_LIBRARIES = YES;
				CODE_SIGN_STYLE = Automatic;
				INFOPLIST_FILE = iOSTestUITests/Info.plist;
				LD_RUNPATH_SEARCH_PATHS = (
					"$(inherited)",
					"@executable_path/Frameworks",
					"@loader_path/Frameworks",
				);
				PRODUCT_BUNDLE_IDENTIFIER = zdo.iOSTestUITests;
				PRODUCT_NAME = "$(TARGET_NAME)";
				SWIFT_VERSION = 5.0;
				TARGETED_DEVICE_FAMILY = "1,2";
				TEST_TARGET_NAME = iOSTest;
			};
			name = Release;
		};
/* End XCBuildConfiguration section */

/* Begin XCConfigurationList section */
		41AF90BE25ADEBC0008FD592 /* Build configuration list for PBXProject "iOSTest" */ = {
			isa = XCConfigurationList;
			buildConfigurations = (
				41AF90EB25ADEBC2008FD592 /* Debug */,
				41AF90EC25ADEBC2008FD592 /* Release */,
			);
			defaultConfigurationIsVisible = 0;
			defaultConfigurationName = Release;
		};
		41AF90ED25ADEBC2008FD592 /* Build configuration list for PBXNativeTarget "iOSTest" */ = {
			isa = XCConfigurationList;
			buildConfigurations = (
				41AF90EE25ADEBC2008FD592 /* Debug */,
				41AF90EF25ADEBC2008FD592 /* Release */,
			);
			defaultConfigurationIsVisible = 0;
			defaultConfigurationName = Release;
		};
		41AF90F025ADEBC2008FD592 /* Build configuration list for PBXNativeTarget "iOSTestTests" */ = {
			isa = XCConfigurationList;
			buildConfigurations = (
				41AF90F125ADEBC2008FD592 /* Debug */,
				41AF90F225ADEBC2008FD592 /* Release */,
			);
			defaultConfigurationIsVisible = 0;
			defaultConfigurationName = Release;
		};
		41AF90F325ADEBC2008FD592 /* Build configuration list for PBXNativeTarget "iOSTestUITests" */ = {
			isa = XCConfigurationList;
			buildConfigurations = (
				41AF90F425ADEBC2008FD592 /* Debug */,
				41AF90F525ADEBC2008FD592 /* Release */,
			);
			defaultConfigurationIsVisible = 0;
			defaultConfigurationName = Release;
		};
/* End XCConfigurationList section */
	};
	rootObject = 41AF90BB25ADEBC0008FD592 /* Project object */;
}
